
Microsoft Visual Studio Solution File, Format Version 12.00
# Visual Studio Version 17
VisualStudioVersion = 17.8.34316.72
MinimumVisualStudioVersion = 10.0.40219.1
Project("{F184B08F-C81C-45F6-A57F-5ABD9991F28F}") = "1. Intro to VB2", "1. Intro to VB2.vbproj", "{EDE9CB13-F26C-471B-B5F5-6F8B864AA695}"
EndProject
Global
	GlobalSection(SolutionConfigurationPlatforms) = preSolution
		Debug|Any CPU = Debug|Any CPU
		Release|Any CPU = Release|Any CPU
	EndGlobalSection
	GlobalSection(ProjectConfigurationPlatforms) = postSolution
		{EDE9CB13-F26C-471B-B5F5-6F8B864AA695}.Debug|Any CPU.ActiveCfg = Debug|Any CPU
		{EDE9CB13-F26C-471B-B5F5-6F8B864AA695}.Debug|Any CPU.Build.0 = Debug|Any CPU
		{EDE9CB13-F26C-471B-B5F5-6F8B864AA695}.Release|Any CPU.ActiveCfg = Release|Any CPU
		{EDE9CB13-F26C-471B-B5F5-6F8B864AA695}.Release|Any CPU.Build.0 = Release|Any CPU
	EndGlobalSection
	GlobalSection(SolutionProperties) = preSolution
		HideSolutionNode = FALSE
	EndGlobalSection
	GlobalSection(ExtensibilityGlobals) = postSolution
		SolutionGuid = {9CCAE5AD-0FE7-4F4D-9A11-0284BE5DE171}
	EndGlobalSection
EndGlobal
